{
  "name": "migrate-discussions",
  "version": "1.0.0",
  "lockfileVersion": 3,
  "requires": true,
  "packages": {
    "": {
      "name": "migrate-discussions",
      "version": "1.0.0",
      "license": "MIT",
      "dependencies": {
        "octokit": "^3.1.2"
      },
      "engines": {
        "node": ">=14.0.0"
      }
    },
    "node_modules/@octokit/app": {
      "version": "14.1.0",
      "resolved": "https://registry.npmjs.org/@octokit/app/-/app-14.1.0.tgz",
      "integrity": "sha512-g3uEsGOQCBl1+W1rgfwoRFUIR6PtvB2T1E4RpygeUU5LrLvlOqcxrt5lfykIeRpUPpupreGJUYl70fqMDXdTpw==",
      "license": "MIT",
      "dependencies": {
        "@octokit/auth-app": "^6.0.0",
        "@octokit/auth-unauthenticated": "^5.0.0",
        "@octokit/core": "^5.0.0",
        "@octokit/oauth-app": "^6.0.0",
        "@octokit/plugin-paginate-rest": "^9.0.0",
        "@octokit/types": "^12.0.0",
        "@octokit/webhooks": "^12.0.4"
      },
      "engines": {
        "node": ">= 18"
      }
    },
    "node_modules/@octokit/app/node_modules/@octokit/openapi-types": {
      "version": "20.0.0",
      "resolved": "https://registry.npmjs.org/@octokit/openapi-types/-/openapi-types-20.0.0.tgz",
      "integrity": "sha512-EtqRBEjp1dL/15V7WiX5LJMIxxkdiGJnabzYx5Apx4FkQIFgAfKumXeYAqqJCj1s+BMX4cPFIFC4OLCR6stlnA==",
      "license": "MIT"
    },
    "node_modules/@octokit/app/node_modules/@octokit/plugin-paginate-rest": {
      "version": "9.2.2",
      "resolved": "https://registry.npmjs.org/@octokit/plugin-paginate-rest/-/plugin-paginate-rest-9.2.2.tgz",
      "integrity": "sha512-u3KYkGF7GcZnSD/3UP0S7K5XUFT2FkOQdcfXZGZQPGv3lm4F2Xbf71lvjldr8c1H3nNbF+33cLEkWYbokGWqiQ==",
      "license": "MIT",
      "dependencies": {
        "@octokit/types": "^12.6.0"
      },
      "engines": {
        "node": ">= 18"
      },
      "peerDependencies": {
        "@octokit/core": "5"
      }
    },
    "node_modules/@octokit/app/node_modules/@octokit/types": {
      "version": "12.6.0",
      "resolved": "https://registry.npmjs.org/@octokit/types/-/types-12.6.0.tgz",
      "integrity": "sha512-1rhSOfRa6H9w4YwK0yrf5faDaDTb+yLyBUKOCV4xtCDB5VmIPqd/v9yr9o6SAzOAlRxMiRiCic6JVM1/kunVkw==",
      "license": "MIT",
      "dependencies": {
        "@octokit/openapi-types": "^20.0.0"
      }
    },
    "node_modules/@octokit/auth-app": {
      "version": "6.1.4",
      "resolved": "https://registry.npmjs.org/@octokit/auth-app/-/auth-app-6.1.4.tgz",
      "integrity": "sha512-QkXkSOHZK4dA5oUqY5Dk3S+5pN2s1igPjEASNQV8/vgJgW034fQWR16u7VsNOK/EljA00eyjYF5mWNxWKWhHRQ==",
      "license": "MIT",
      "dependencies": {
        "@octokit/auth-oauth-app": "^7.1.0",
        "@octokit/auth-oauth-user": "^4.1.0",
        "@octokit/request": "^8.3.1",
        "@octokit/request-error": "^5.1.0",
        "@octokit/types": "^13.1.0",
        "deprecation": "^2.3.1",
        "lru-cache": "npm:@wolfy1339/lru-cache@^11.0.2-patch.1",
        "universal-github-app-jwt": "^1.1.2",
        "universal-user-agent": "^6.0.0"
      },
      "engines": {
        "node": ">= 18"
      }
    },
    "node_modules/@octokit/auth-oauth-app": {
      "version": "7.1.0",
      "resolved": "https://registry.npmjs.org/@octokit/auth-oauth-app/-/auth-oauth-app-7.1.0.tgz",
      "integrity": "sha512-w+SyJN/b0l/HEb4EOPRudo7uUOSW51jcK1jwLa+4r7PA8FPFpoxEnHBHMITqCsc/3Vo2qqFjgQfz/xUUvsSQnA==",
      "license": "MIT",
      "dependencies": {
        "@octokit/auth-oauth-device": "^6.1.0",
        "@octokit/auth-oauth-user": "^4.1.0",
        "@octokit/request": "^8.3.1",
        "@octokit/types": "^13.0.0",
        "@types/btoa-lite": "^1.0.0",
        "btoa-lite": "^1.0.0",
        "universal-user-agent": "^6.0.0"
      },
      "engines": {
        "node": ">= 18"
      }
    },
    "node_modules/@octokit/auth-oauth-device": {
      "version": "6.1.0",
      "resolved": "https://registry.npmjs.org/@octokit/auth-oauth-device/-/auth-oauth-device-6.1.0.tgz",
      "integrity": "sha512-FNQ7cb8kASufd6Ej4gnJ3f1QB5vJitkoV1O0/g6e6lUsQ7+VsSNRHRmFScN2tV4IgKA12frrr/cegUs0t+0/Lw==",
      "license": "MIT",
      "dependencies": {
        "@octokit/oauth-methods": "^4.1.0",
        "@octokit/request": "^8.3.1",
        "@octokit/types": "^13.0.0",
        "universal-user-agent": "^6.0.0"
      },
      "engines": {
        "node": ">= 18"
      }
    },
    "node_modules/@octokit/auth-oauth-user": {
      "version": "4.1.0",
      "resolved": "https://registry.npmjs.org/@octokit/auth-oauth-user/-/auth-oauth-user-4.1.0.tgz",
      "integrity": "sha512-FrEp8mtFuS/BrJyjpur+4GARteUCrPeR/tZJzD8YourzoVhRics7u7we/aDcKv+yywRNwNi/P4fRi631rG/OyQ==",
      "license": "MIT",
      "dependencies": {
        "@octokit/auth-oauth-device": "^6.1.0",
        "@octokit/oauth-methods": "^4.1.0",
        "@octokit/request": "^8.3.1",
        "@octokit/types": "^13.0.0",
        "btoa-lite": "^1.0.0",
        "universal-user-agent": "^6.0.0"
      },
      "engines": {
        "node": ">= 18"
      }
    },
    "node_modules/@octokit/auth-token": {
      "version": "4.0.0",
      "resolved": "https://registry.npmjs.org/@octokit/auth-token/-/auth-token-4.0.0.tgz",
      "integrity": "sha512-tY/msAuJo6ARbK6SPIxZrPBms3xPbfwBrulZe0Wtr/DIY9lje2HeV1uoebShn6mx7SjCHif6EjMvoREj+gZ+SA==",
      "license": "MIT",
      "engines": {
        "node": ">= 18"
      }
    },
    "node_modules/@octokit/auth-unauthenticated": {
      "version": "5.0.1",
      "resolved": "https://registry.npmjs.org/@octokit/auth-unauthenticated/-/auth-unauthenticated-5.0.1.tgz",
      "integrity": "sha512-oxeWzmBFxWd+XolxKTc4zr+h3mt+yofn4r7OfoIkR/Cj/o70eEGmPsFbueyJE2iBAGpjgTnEOKM3pnuEGVmiqg==",
      "license": "MIT",
      "dependencies": {
        "@octokit/request-error": "^5.0.0",
        "@octokit/types": "^12.0.0"
      },
      "engines": {
        "node": ">= 18"
      }
    },
    "node_modules/@octokit/auth-unauthenticated/node_modules/@octokit/openapi-types": {
      "version": "20.0.0",
      "resolved": "https://registry.npmjs.org/@octokit/openapi-types/-/openapi-types-20.0.0.tgz",
      "integrity": "sha512-EtqRBEjp1dL/15V7WiX5LJMIxxkdiGJnabzYx5Apx4FkQIFgAfKumXeYAqqJCj1s+BMX4cPFIFC4OLCR6stlnA==",
      "license": "MIT"
    },
    "node_modules/@octokit/auth-unauthenticated/node_modules/@octokit/types": {
      "version": "12.6.0",
      "resolved": "https://registry.npmjs.org/@octokit/types/-/types-12.6.0.tgz",
      "integrity": "sha512-1rhSOfRa6H9w4YwK0yrf5faDaDTb+yLyBUKOCV4xtCDB5VmIPqd/v9yr9o6SAzOAlRxMiRiCic6JVM1/kunVkw==",
      "license": "MIT",
      "dependencies": {
        "@octokit/openapi-types": "^20.0.0"
      }
    },
    "node_modules/@octokit/core": {
      "version": "5.2.2",
      "resolved": "https://registry.npmjs.org/@octokit/core/-/core-5.2.2.tgz",
      "integrity": "sha512-/g2d4sW9nUDJOMz3mabVQvOGhVa4e/BN/Um7yca9Bb2XTzPPnfTWHWQg+IsEYO7M3Vx+EXvaM/I2pJWIMun1bg==",
      "license": "MIT",
      "dependencies": {
        "@octokit/auth-token": "^4.0.0",
        "@octokit/graphql": "^7.1.0",
        "@octokit/request": "^8.4.1",
        "@octokit/request-error": "^5.1.1",
        "@octokit/types": "^13.0.0",
        "before-after-hook": "^2.2.0",
        "universal-user-agent": "^6.0.0"
      },
      "engines": {
        "node": ">= 18"
      }
    },
    "node_modules/@octokit/endpoint": {
      "version": "9.0.6",
      "resolved": "https://registry.npmjs.org/@octokit/endpoint/-/endpoint-9.0.6.tgz",
      "integrity": "sha512-H1fNTMA57HbkFESSt3Y9+FBICv+0jFceJFPWDePYlR/iMGrwM5ph+Dd4XRQs+8X+PUFURLQgX9ChPfhJ/1uNQw==",
      "license": "MIT",
      "dependencies": {
        "@octokit/types": "^13.1.0",
        "universal-user-agent": "^6.0.0"
      },
      "engines": {
        "node": ">= 18"
      }
    },
    "node_modules/@octokit/graphql": {
      "version": "7.1.1",
      "resolved": "https://registry.npmjs.org/@octokit/graphql/-/graphql-7.1.1.tgz",
      "integrity": "sha512-3mkDltSfcDUoa176nlGoA32RGjeWjl3K7F/BwHwRMJUW/IteSa4bnSV8p2ThNkcIcZU2umkZWxwETSSCJf2Q7g==",
      "license": "MIT",
      "dependencies": {
        "@octokit/request": "^8.4.1",
        "@octokit/types": "^13.0.0",
        "universal-user-agent": "^6.0.0"
      },
      "engines": {
        "node": ">= 18"
      }
    },
    "node_modules/@octokit/oauth-app": {
      "version": "6.1.0",
      "resolved": "https://registry.npmjs.org/@octokit/oauth-app/-/oauth-app-6.1.0.tgz",
      "integrity": "sha512-nIn/8eUJ/BKUVzxUXd5vpzl1rwaVxMyYbQkNZjHrF7Vk/yu98/YDF/N2KeWO7uZ0g3b5EyiFXFkZI8rJ+DH1/g==",
      "license": "MIT",
      "dependencies": {
        "@octokit/auth-oauth-app": "^7.0.0",
        "@octokit/auth-oauth-user": "^4.0.0",
        "@octokit/auth-unauthenticated": "^5.0.0",
        "@octokit/core": "^5.0.0",
        "@octokit/oauth-authorization-url": "^6.0.2",
        "@octokit/oauth-methods": "^4.0.0",
        "@types/aws-lambda": "^8.10.83",
        "universal-user-agent": "^6.0.0"
      },
      "engines": {
        "node": ">= 18"
      }
    },
    "node_modules/@octokit/oauth-authorization-url": {
      "version": "6.0.2",
      "resolved": "https://registry.npmjs.org/@octokit/oauth-authorization-url/-/oauth-authorization-url-6.0.2.tgz",
      "integrity": "sha512-CdoJukjXXxqLNK4y/VOiVzQVjibqoj/xHgInekviUJV73y/BSIcwvJ/4aNHPBPKcPWFnd4/lO9uqRV65jXhcLA==",
      "license": "MIT",
      "engines": {
        "node": ">= 18"
      }
    },
    "node_modules/@octokit/oauth-methods": {
      "version": "4.1.0",
      "resolved": "https://registry.npmjs.org/@octokit/oauth-methods/-/oauth-methods-4.1.0.tgz",
      "integrity": "sha512-4tuKnCRecJ6CG6gr0XcEXdZtkTDbfbnD5oaHBmLERTjTMZNi2CbfEHZxPU41xXLDG4DfKf+sonu00zvKI9NSbw==",
      "license": "MIT",
      "dependencies": {
        "@octokit/oauth-authorization-url": "^6.0.2",
        "@octokit/request": "^8.3.1",
        "@octokit/request-error": "^5.1.0",
        "@octokit/types": "^13.0.0",
        "btoa-lite": "^1.0.0"
      },
      "engines": {
        "node": ">= 18"
      }
    },
    "node_modules/@octokit/openapi-types": {
      "version": "24.2.0",
      "resolved": "https://registry.npmjs.org/@octokit/openapi-types/-/openapi-types-24.2.0.tgz",
      "integrity": "sha512-9sIH3nSUttelJSXUrmGzl7QUBFul0/mB8HRYl3fOlgHbIWG+WnYDXU3v/2zMtAvuzZ/ed00Ei6on975FhBfzrg==",
      "license": "MIT"
    },
    "node_modules/@octokit/plugin-paginate-graphql": {
      "version": "4.0.1",
      "resolved": "https://registry.npmjs.org/@octokit/plugin-paginate-graphql/-/plugin-paginate-graphql-4.0.1.tgz",
      "integrity": "sha512-R8ZQNmrIKKpHWC6V2gum4x9LG2qF1RxRjo27gjQcG3j+vf2tLsEfE7I/wRWEPzYMaenr1M+qDAtNcwZve1ce1A==",
      "license": "MIT",
      "engines": {
        "node": ">= 18"
      },
      "peerDependencies": {
        "@octokit/core": ">=5"
      }
    },
    "node_modules/@octokit/plugin-paginate-rest": {
      "version": "11.4.4-cjs.2",
      "resolved": "https://registry.npmjs.org/@octokit/plugin-paginate-rest/-/plugin-paginate-rest-11.4.4-cjs.2.tgz",
      "integrity": "sha512-2dK6z8fhs8lla5PaOTgqfCGBxgAv/le+EhPs27KklPhm1bKObpu6lXzwfUEQ16ajXzqNrKMujsFyo9K2eaoISw==",
      "license": "MIT",
      "dependencies": {
        "@octokit/types": "^13.7.0"
      },
      "engines": {
        "node": ">= 18"
      },
      "peerDependencies": {
        "@octokit/core": "5"
      }
    },
    "node_modules/@octokit/plugin-rest-endpoint-methods": {
      "version": "13.3.2-cjs.1",
      "resolved": "https://registry.npmjs.org/@octokit/plugin-rest-endpoint-methods/-/plugin-rest-endpoint-methods-13.3.2-cjs.1.tgz",
      "integrity": "sha512-VUjIjOOvF2oELQmiFpWA1aOPdawpyaCUqcEBc/UOUnj3Xp6DJGrJ1+bjUIIDzdHjnFNO6q57ODMfdEZnoBkCwQ==",
      "license": "MIT",
      "dependencies": {
        "@octokit/types": "^13.8.0"
      },
      "engines": {
        "node": ">= 18"
      },
      "peerDependencies": {
        "@octokit/core": "^5"
      }
    },
    "node_modules/@octokit/plugin-retry": {
      "version": "6.1.0",
      "resolved": "https://registry.npmjs.org/@octokit/plugin-retry/-/plugin-retry-6.1.0.tgz",
      "integrity": "sha512-WrO3bvq4E1Xh1r2mT9w6SDFg01gFmP81nIG77+p/MqW1JeXXgL++6umim3t6x0Zj5pZm3rXAN+0HEjmmdhIRig==",
      "license": "MIT",
      "dependencies": {
        "@octokit/request-error": "^5.0.0",
        "@octokit/types": "^13.0.0",
        "bottleneck": "^2.15.3"
      },
      "engines": {
        "node": ">= 18"
      },
      "peerDependencies": {
        "@octokit/core": "5"
      }
    },
    "node_modules/@octokit/plugin-throttling": {
      "version": "8.2.0",
      "resolved": "https://registry.npmjs.org/@octokit/plugin-throttling/-/plugin-throttling-8.2.0.tgz",
      "integrity": "sha512-nOpWtLayKFpgqmgD0y3GqXafMFuKcA4tRPZIfu7BArd2lEZeb1988nhWhwx4aZWmjDmUfdgVf7W+Tt4AmvRmMQ==",
      "license": "MIT",
      "dependencies": {
        "@octokit/types": "^12.2.0",
        "bottleneck": "^2.15.3"
      },
      "engines": {
        "node": ">= 18"
      },
      "peerDependencies": {
        "@octokit/core": "^5.0.0"
      }
    },
    "node_modules/@octokit/plugin-throttling/node_modules/@octokit/openapi-types": {
      "version": "20.0.0",
      "resolved": "https://registry.npmjs.org/@octokit/openapi-types/-/openapi-types-20.0.0.tgz",
      "integrity": "sha512-EtqRBEjp1dL/15V7WiX5LJMIxxkdiGJnabzYx5Apx4FkQIFgAfKumXeYAqqJCj1s+BMX4cPFIFC4OLCR6stlnA==",
      "license": "MIT"
    },
    "node_modules/@octokit/plugin-throttling/node_modules/@octokit/types": {
      "version": "12.6.0",
      "resolved": "https://registry.npmjs.org/@octokit/types/-/types-12.6.0.tgz",
      "integrity": "sha512-1rhSOfRa6H9w4YwK0yrf5faDaDTb+yLyBUKOCV4xtCDB5VmIPqd/v9yr9o6SAzOAlRxMiRiCic6JVM1/kunVkw==",
      "license": "MIT",
      "dependencies": {
        "@octokit/openapi-types": "^20.0.0"
      }
    },
    "node_modules/@octokit/request": {
      "version": "8.4.1",
      "resolved": "https://registry.npmjs.org/@octokit/request/-/request-8.4.1.tgz",
      "integrity": "sha512-qnB2+SY3hkCmBxZsR/MPCybNmbJe4KAlfWErXq+rBKkQJlbjdJeS85VI9r8UqeLYLvnAenU8Q1okM/0MBsAGXw==",
      "license": "MIT",
      "dependencies": {
        "@octokit/endpoint": "^9.0.6",
        "@octokit/request-error": "^5.1.1",
        "@octokit/types": "^13.1.0",
        "universal-user-agent": "^6.0.0"
      },
      "engines": {
        "node": ">= 18"
      }
    },
    "node_modules/@octokit/request-error": {
      "version": "5.1.1",
      "resolved": "https://registry.npmjs.org/@octokit/request-error/-/request-error-5.1.1.tgz",
      "integrity": "sha512-v9iyEQJH6ZntoENr9/yXxjuezh4My67CBSu9r6Ve/05Iu5gNgnisNWOsoJHTP6k0Rr0+HQIpnH+kyammu90q/g==",
      "license": "MIT",
      "dependencies": {
        "@octokit/types": "^13.1.0",
        "deprecation": "^2.0.0",
        "once": "^1.4.0"
      },
      "engines": {
        "node": ">= 18"
      }
    },
    "node_modules/@octokit/types": {
      "version": "13.10.0",
      "resolved": "https://registry.npmjs.org/@octokit/types/-/types-13.10.0.tgz",
      "integrity": "sha512-ifLaO34EbbPj0Xgro4G5lP5asESjwHracYJvVaPIyXMuiuXLlhic3S47cBdTb+jfODkTE5YtGCLt3Ay3+J97sA==",
      "license": "MIT",
      "dependencies": {
        "@octokit/openapi-types": "^24.2.0"
      }
    },
    "node_modules/@octokit/webhooks": {
      "version": "12.3.2",
      "resolved": "https://registry.npmjs.org/@octokit/webhooks/-/webhooks-12.3.2.tgz",
      "integrity": "sha512-exj1MzVXoP7xnAcAB3jZ97pTvVPkQF9y6GA/dvYC47HV7vLv+24XRS6b/v/XnyikpEuvMhugEXdGtAlU086WkQ==",
      "license": "MIT",
      "dependencies": {
        "@octokit/request-error": "^5.0.0",
        "@octokit/webhooks-methods": "^4.1.0",
        "@octokit/webhooks-types": "7.6.1",
        "aggregate-error": "^3.1.0"
      },
      "engines": {
        "node": ">= 18"
      }
    },
    "node_modules/@octokit/webhooks-methods": {
      "version": "4.1.0",
      "resolved": "https://registry.npmjs.org/@octokit/webhooks-methods/-/webhooks-methods-4.1.0.tgz",
      "integrity": "sha512-zoQyKw8h9STNPqtm28UGOYFE7O6D4Il8VJwhAtMHFt2C4L0VQT1qGKLeefUOqHNs1mNRYSadVv7x0z8U2yyeWQ==",
      "license": "MIT",
      "engines": {
        "node": ">= 18"
      }
    },
    "node_modules/@octokit/webhooks-types": {
      "version": "7.6.1",
      "resolved": "https://registry.npmjs.org/@octokit/webhooks-types/-/webhooks-types-7.6.1.tgz",
      "integrity": "sha512-S8u2cJzklBC0FgTwWVLaM8tMrDuDMVE4xiTK4EYXM9GntyvrdbSoxqDQa+Fh57CCNApyIpyeqPhhFEmHPfrXgw==",
      "license": "MIT"
    },
    "node_modules/@types/aws-lambda": {
      "version": "8.10.153",
      "resolved": "https://registry.npmjs.org/@types/aws-lambda/-/aws-lambda-8.10.153.tgz",
      "integrity": "sha512-j5zuETAQtPKuU8ZeqtcLdqLxQeNffX1Dd1Sr3tP56rYZD21Ph49iIqWbiHHqwLXugsMPSsgX/bAZI29Patlbbw==",
      "license": "MIT"
    },
    "node_modules/@types/btoa-lite": {
      "version": "1.0.2",
      "resolved": "https://registry.npmjs.org/@types/btoa-lite/-/btoa-lite-1.0.2.tgz",
      "integrity": "sha512-ZYbcE2x7yrvNFJiU7xJGrpF/ihpkM7zKgw8bha3LNJSesvTtUNxbpzaT7WXBIryf6jovisrxTBvymxMeLLj1Mg==",
      "license": "MIT"
    },
    "node_modules/@types/jsonwebtoken": {
      "version": "9.0.10",
      "resolved": "https://registry.npmjs.org/@types/jsonwebtoken/-/jsonwebtoken-9.0.10.tgz",
      "integrity": "sha512-asx5hIG9Qmf/1oStypjanR7iKTv0gXQ1Ov/jfrX6kS/EO0OFni8orbmGCn0672NHR3kXHwpAwR+B368ZGN/2rA==",
      "license": "MIT",
      "dependencies": {
        "@types/ms": "*",
        "@types/node": "*"
      }
    },
    "node_modules/@types/ms": {
      "version": "2.1.0",
      "resolved": "https://registry.npmjs.org/@types/ms/-/ms-2.1.0.tgz",
      "integrity": "sha512-GsCCIZDE/p3i96vtEqx+7dBUGXrc7zeSK3wwPHIaRThS+9OhWIXRqzs4d6k1SVU8g91DrNRWxWUGhp5KXQb2VA==",
      "license": "MIT"
    },
    "node_modules/@types/node": {
      "version": "24.6.2",
      "resolved": "https://registry.npmjs.org/@types/node/-/node-24.6.2.tgz",
      "integrity": "sha512-d2L25Y4j+W3ZlNAeMKcy7yDsK425ibcAOO2t7aPTz6gNMH0z2GThtwENCDc0d/Pw9wgyRqE5Px1wkV7naz8ang==",
      "license": "MIT",
      "dependencies": {
        "undici-types": "~7.13.0"
      }
    },
    "node_modules/aggregate-error": {
      "version": "3.1.0",
      "resolved": "https://registry.npmjs.org/aggregate-error/-/aggregate-error-3.1.0.tgz",
      "integrity": "sha512-4I7Td01quW/RpocfNayFdFVk1qSuoh0E7JrbRJ16nH01HhKFQ88INq9Sd+nd72zqRySlr9BmDA8xlEJ6vJMrYA==",
      "license": "MIT",
      "dependencies": {
        "clean-stack": "^2.0.0",
        "indent-string": "^4.0.0"
      },
      "engines": {
        "node": ">=8"
      }
    },
    "node_modules/before-after-hook": {
      "version": "2.2.3",
      "resolved": "https://registry.npmjs.org/before-after-hook/-/before-after-hook-2.2.3.tgz",
      "integrity": "sha512-NzUnlZexiaH/46WDhANlyR2bXRopNg4F/zuSA3OpZnllCUgRaOF2znDioDWrmbNVsuZk6l9pMquQB38cfBZwkQ==",
      "license": "Apache-2.0"
    },
    "node_modules/bottleneck": {
      "version": "2.19.5",
      "resolved": "https://registry.npmjs.org/bottleneck/-/bottleneck-2.19.5.tgz",
      "integrity": "sha512-VHiNCbI1lKdl44tGrhNfU3lup0Tj/ZBMJB5/2ZbNXRCPuRCO7ed2mgcK4r17y+KB2EfuYuRaVlwNbAeaWGSpbw==",
      "license": "MIT"
    },
    "node_modules/btoa-lite": {
      "version": "1.0.0",
      "resolved": "https://registry.npmjs.org/btoa-lite/-/btoa-lite-1.0.0.tgz",
      "integrity": "sha512-gvW7InbIyF8AicrqWoptdW08pUxuhq8BEgowNajy9RhiE86fmGAGl+bLKo6oB8QP0CkqHLowfN0oJdKC/J6LbA==",
      "license": "MIT"
    },
    "node_modules/buffer-equal-constant-time": {
      "version": "1.0.1",
      "resolved": "https://registry.npmjs.org/buffer-equal-constant-time/-/buffer-equal-constant-time-1.0.1.tgz",
      "integrity": "sha512-zRpUiDwd/xk6ADqPMATG8vc9VPrkck7T07OIx0gnjmJAnHnTVXNQG3vfvWNuiZIkwu9KrKdA1iJKfsfTVxE6NA==",
      "license": "BSD-3-Clause"
    },
    "node_modules/clean-stack": {
      "version": "2.2.0",
      "resolved": "https://registry.npmjs.org/clean-stack/-/clean-stack-2.2.0.tgz",
      "integrity": "sha512-4diC9HaTE+KRAMWhDhrGOECgWZxoevMc5TlkObMqNSsVU62PYzXZ/SMTjzyGAFF1YusgxGcSWTEXBhp0CPwQ1A==",
      "license": "MIT",
      "engines": {
        "node": ">=6"
      }
    },
    "node_modules/deprecation": {
      "version": "2.3.1",
      "resolved": "https://registry.npmjs.org/deprecation/-/deprecation-2.3.1.tgz",
      "integrity": "sha512-xmHIy4F3scKVwMsQ4WnVaS8bHOx0DmVwRywosKhaILI0ywMDWPtBSku2HNxRvF7jtwDRsoEwYQSfbxj8b7RlJQ==",
      "license": "ISC"
    },
    "node_modules/ecdsa-sig-formatter": {
      "version": "1.0.11",
      "resolved": "https://registry.npmjs.org/ecdsa-sig-formatter/-/ecdsa-sig-formatter-1.0.11.tgz",
      "integrity": "sha512-nagl3RYrbNv6kQkeJIpt6NJZy8twLB/2vtz6yN9Z4vRKHN4/QZJIEbqohALSgwKdnksuY3k5Addp5lg8sVoVcQ==",
      "license": "Apache-2.0",
      "dependencies": {
        "safe-buffer": "^5.0.1"
      }
    },
    "node_modules/indent-string": {
      "version": "4.0.0",
      "resolved": "https://registry.npmjs.org/indent-string/-/indent-string-4.0.0.tgz",
      "integrity": "sha512-EdDDZu4A2OyIK7Lr/2zG+w5jmbuk1DVBnEwREQvBzspBJkCEbRa8GxU1lghYcaGJCnRWibjDXlq779X1/y5xwg==",
      "license": "MIT",
      "engines": {
        "node": ">=8"
      }
    },
    "node_modules/jsonwebtoken": {
      "version": "9.0.2",
      "resolved": "https://registry.npmjs.org/jsonwebtoken/-/jsonwebtoken-9.0.2.tgz",
      "integrity": "sha512-PRp66vJ865SSqOlgqS8hujT5U4AOgMfhrwYIuIhfKaoSCZcirrmASQr8CX7cUg+RMih+hgznrjp99o+W4pJLHQ==",
      "license": "MIT",
      "dependencies": {
        "jws": "^3.2.2",
        "lodash.includes": "^4.3.0",
        "lodash.isboolean": "^3.0.3",
        "lodash.isinteger": "^4.0.4",
        "lodash.isnumber": "^3.0.3",
        "lodash.isplainobject": "^4.0.6",
        "lodash.isstring": "^4.0.1",
        "lodash.once": "^4.0.0",
        "ms": "^2.1.1",
        "semver": "^7.5.4"
      },
      "engines": {
        "node": ">=12",
        "npm": ">=6"
      }
    },
    "node_modules/jwa": {
      "version": "1.4.2",
      "resolved": "https://registry.npmjs.org/jwa/-/jwa-1.4.2.tgz",
      "integrity": "sha512-eeH5JO+21J78qMvTIDdBXidBd6nG2kZjg5Ohz/1fpa28Z4CcsWUzJ1ZZyFq/3z3N17aZy+ZuBoHljASbL1WfOw==",
      "license": "MIT",
      "dependencies": {
        "buffer-equal-constant-time": "^1.0.1",
        "ecdsa-sig-formatter": "1.0.11",
        "safe-buffer": "^5.0.1"
      }
    },
    "node_modules/jws": {
      "version": "3.2.2",
      "resolved": "https://registry.npmjs.org/jws/-/jws-3.2.2.tgz",
      "integrity": "sha512-YHlZCB6lMTllWDtSPHz/ZXTsi8S00usEV6v1tjq8tOUZzw7DpSDWVXjXDre6ed1w/pd495ODpHZYSdkRTsa0HA==",
      "license": "MIT",
      "dependencies": {
        "jwa": "^1.4.1",
        "safe-buffer": "^5.0.1"
      }
    },
    "node_modules/lodash.includes": {
      "version": "4.3.0",
      "resolved": "https://registry.npmjs.org/lodash.includes/-/lodash.includes-4.3.0.tgz",
      "integrity": "sha512-W3Bx6mdkRTGtlJISOvVD/lbqjTlPPUDTMnlXZFnVwi9NKJ6tiAk6LVdlhZMm17VZisqhKcgzpO5Wz91PCt5b0w==",
      "license": "MIT"
    },
    "node_modules/lodash.isboolean": {
      "version": "3.0.3",
      "resolved": "https://registry.npmjs.org/lodash.isboolean/-/lodash.isboolean-3.0.3.tgz",
      "integrity": "sha512-Bz5mupy2SVbPHURB98VAcw+aHh4vRV5IPNhILUCsOzRmsTmSQ17jIuqopAentWoehktxGd9e/hbIXq980/1QJg==",
      "license": "MIT"
    },
    "node_modules/lodash.isinteger": {
      "version": "4.0.4",
      "resolved": "https://registry.npmjs.org/lodash.isinteger/-/lodash.isinteger-4.0.4.tgz",
      "integrity": "sha512-DBwtEWN2caHQ9/imiNeEA5ys1JoRtRfY3d7V9wkqtbycnAmTvRRmbHKDV4a0EYc678/dia0jrte4tjYwVBaZUA==",
      "license": "MIT"
    },
    "node_modules/lodash.isnumber": {
      "version": "3.0.3",
      "resolved": "https://registry.npmjs.org/lodash.isnumber/-/lodash.isnumber-3.0.3.tgz",
      "integrity": "sha512-QYqzpfwO3/CWf3XP+Z+tkQsfaLL/EnUlXWVkIk5FUPc4sBdTehEqZONuyRt2P67PXAk+NXmTBcc97zw9t1FQrw==",
      "license": "MIT"
    },
    "node_modules/lodash.isplainobject": {
      "version": "4.0.6",
      "resolved": "https://registry.npmjs.org/lodash.isplainobject/-/lodash.isplainobject-4.0.6.tgz",
      "integrity": "sha512-oSXzaWypCMHkPC3NvBEaPHf0KsA5mvPrOPgQWDsbg8n7orZ290M0BmC/jgRZ4vcJ6DTAhjrsSYgdsW/F+MFOBA==",
      "license": "MIT"
    },
    "node_modules/lodash.isstring": {
      "version": "4.0.1",
      "resolved": "https://registry.npmjs.org/lodash.isstring/-/lodash.isstring-4.0.1.tgz",
      "integrity": "sha512-0wJxfxH1wgO3GrbuP+dTTk7op+6L41QCXbGINEmD+ny/G/eCqGzxyCsh7159S+mgDDcoarnBw6PC1PS5+wUGgw==",
      "license": "MIT"
    },
    "node_modules/lodash.once": {
      "version": "4.1.1",
      "resolved": "https://registry.npmjs.org/lodash.once/-/lodash.once-4.1.1.tgz",
      "integrity": "sha512-Sb487aTOCr9drQVL8pIxOzVhafOjZN9UU54hiN8PU3uAiSV7lx1yYNpbNmex2PK6dSJoNTSJUUswT651yww3Mg==",
      "license": "MIT"
    },
    "node_modules/lru-cache": {
      "name": "@wolfy1339/lru-cache",
      "version": "11.0.2-patch.1",
      "resolved": "https://registry.npmjs.org/@wolfy1339/lru-cache/-/lru-cache-11.0.2-patch.1.tgz",
      "integrity": "sha512-BgYZfL2ADCXKOw2wJtkM3slhHotawWkgIRRxq4wEybnZQPjvAp71SPX35xepMykTw8gXlzWcWPTY31hlbnRsDA==",
      "license": "ISC",
      "engines": {
        "node": "18 >=18.20 || 20 || >=22"
      }
    },
    "node_modules/ms": {
      "version": "2.1.3",
      "resolved": "https://registry.npmjs.org/ms/-/ms-2.1.3.tgz",
      "integrity": "sha512-6FlzubTLZG3J2a/NVCAleEhjzq5oxgHyaCU9yYXvcLsvoVaHJq/s5xXI6/XXP6tz7R9xAOtHnSO/tXtF3WRTlA==",
      "license": "MIT"
    },
    "node_modules/octokit": {
      "version": "3.2.2",
      "resolved": "https://registry.npmjs.org/octokit/-/octokit-3.2.2.tgz",
      "integrity": "sha512-7Abo3nADdja8l/aglU6Y3lpnHSfv0tw7gFPiqzry/yCU+2gTAX7R1roJ8hJrxIK+S1j+7iqRJXtmuHJ/UDsBhQ==",
      "license": "MIT",
      "dependencies": {
        "@octokit/app": "^14.0.2",
        "@octokit/core": "^5.0.0",
        "@octokit/oauth-app": "^6.0.0",
        "@octokit/plugin-paginate-graphql": "^4.0.0",
        "@octokit/plugin-paginate-rest": "11.4.4-cjs.2",
        "@octokit/plugin-rest-endpoint-methods": "13.3.2-cjs.1",
        "@octokit/plugin-retry": "^6.0.0",
        "@octokit/plugin-throttling": "^8.0.0",
        "@octokit/request-error": "^5.0.0",
        "@octokit/types": "^13.0.0",
        "@octokit/webhooks": "^12.3.1"
      },
      "engines": {
        "node": ">= 18"
      }
    },
    "node_modules/once": {
      "version": "1.4.0",
      "resolved": "https://registry.npmjs.org/once/-/once-1.4.0.tgz",
      "integrity": "sha512-lNaJgI+2Q5URQBkccEKHTQOPaXdUxnZZElQTZY0MFUAuaEqe1E+Nyvgdz/aIyNi6Z9MzO5dv1H8n58/GELp3+w==",
      "license": "ISC",
      "dependencies": {
        "wrappy": "1"
      }
    },
    "node_modules/safe-buffer": {
      "version": "5.2.1",
      "resolved": "https://registry.npmjs.org/safe-buffer/-/safe-buffer-5.2.1.tgz",
      "integrity": "sha512-rp3So07KcdmmKbGvgaNxQSJr7bGVSVk5S9Eq1F+ppbRo70+YeaDxkw5Dd8NPN+GD6bjnYm2VuPuCXmpuYvmCXQ==",
      "funding": [
        {
          "type": "github",
          "url": "https://github.com/sponsors/feross"
        },
        {
          "type": "patreon",
          "url": "https://www.patreon.com/feross"
        },
        {
          "type": "consulting",
          "url": "https://feross.org/support"
        }
      ],
      "license": "MIT"
    },
    "node_modules/semver": {
      "version": "7.7.2",
      "resolved": "https://registry.npmjs.org/semver/-/semver-7.7.2.tgz",
      "integrity": "sha512-RF0Fw+rO5AMf9MAyaRXI4AV0Ulj5lMHqVxxdSgiVbixSCXoEmmX/jk0CuJw4+3SqroYO9VoUh+HcuJivvtJemA==",
      "license": "ISC",
      "bin": {
        "semver": "bin/semver.js"
      },
      "engines": {
        "node": ">=10"
      }
    },
    "node_modules/undici-types": {
      "version": "7.13.0",
      "resolved": "https://registry.npmjs.org/undici-types/-/undici-types-7.13.0.tgz",
      "integrity": "sha512-Ov2Rr9Sx+fRgagJ5AX0qvItZG/JKKoBRAVITs1zk7IqZGTJUwgUr7qoYBpWwakpWilTZFM98rG/AFRocu10iIQ==",
      "license": "MIT"
    },
    "node_modules/universal-github-app-jwt": {
      "version": "1.2.0",
      "resolved": "https://registry.npmjs.org/universal-github-app-jwt/-/universal-github-app-jwt-1.2.0.tgz",
      "integrity": "sha512-dncpMpnsKBk0eetwfN8D8OUHGfiDhhJ+mtsbMl+7PfW7mYjiH8LIcqRmYMtzYLgSh47HjfdBtrBwIQ/gizKR3g==",
      "license": "MIT",
      "dependencies": {
        "@types/jsonwebtoken": "^9.0.0",
        "jsonwebtoken": "^9.0.2"
      }
    },
    "node_modules/universal-user-agent": {
      "version": "6.0.1",
      "resolved": "https://registry.npmjs.org/universal-user-agent/-/universal-user-agent-6.0.1.tgz",
      "integrity": "sha512-yCzhz6FN2wU1NiiQRogkTQszlQSlpWaw8SvVegAc+bDxbzHgh1vX8uIe8OYyMH6DwH+sdTJsgMl36+mSMdRJIQ==",
      "license": "ISC"
    },
    "node_modules/wrappy": {
      "version": "1.0.2",
      "resolved": "https://registry.npmjs.org/wrappy/-/wrappy-1.0.2.tgz",
      "integrity": "sha512-l4Sp/DRseor9wL6EvV2+TuQn63dMkPjZ/sp9XkghTEbV9KlPS1xUsZ3u7/IQO4wxtcFB4bgpQPRcR3QCvezPcQ==",
      "license": "ISC"
    }
  }
}
